
Microsoft Visual Studio Solution File, Format Version 12.00
# Visual Studio Version 16
VisualStudioVersion = 16.0.31624.102
MinimumVisualStudioVersion = 10.0.40219.1
Project("{FAE04EC0-301F-11D3-BF4B-00C04F79EFBC}") = "SOLID code examples", "SOLID code examples.csproj", "{01C336AA-B91F-43F7-B9A5-DC88953A1465}"
EndProject
Global
	GlobalSection(SolutionConfigurationPlatforms) = preSolution
		Debug|Any CPU = Debug|Any CPU
		Release|Any CPU = Release|Any CPU
	EndGlobalSection
	GlobalSection(ProjectConfigurationPlatforms) = postSolution
		{01C336AA-B91F-43F7-B9A5-DC88953A1465}.Debug|Any CPU.ActiveCfg = Debug|Any CPU
		{01C336AA-B91F-43F7-B9A5-DC88953A1465}.Debug|Any CPU.Build.0 = Debug|Any CPU
		{01C336AA-B91F-43F7-B9A5-DC88953A1465}.Release|Any CPU.ActiveCfg = Release|Any CPU
		{01C336AA-B91F-43F7-B9A5-DC88953A1465}.Release|Any CPU.Build.0 = Release|Any CPU
	EndGlobalSection
	GlobalSection(SolutionProperties) = preSolution
		HideSolutionNode = FALSE
	EndGlobalSection
	GlobalSection(ExtensibilityGlobals) = postSolution
		SolutionGuid = {A106C07F-F267-419F-AACC-7380E9243DC3}
	EndGlobalSection
EndGlobal
